
Microsoft Visual Studio Solution File, Format Version 12.00
# Visual Studio 15
VisualStudioVersion = 15.0.27004.2010
MinimumVisualStudioVersion = 10.0.40219.1
Project("{FAE04EC0-301F-11D3-BF4B-00C04F79EFBC}") = "WpfApplication8", "WpfApplication8\WpfApplication8.csproj", "{1E371034-E6AE-4145-8160-0A7784A7A77F}"
EndProject
Global
	GlobalSection(SolutionConfigurationPlatforms) = preSolution
		Debug|Any CPU = Debug|Any CPU
		Release|Any CPU = Release|Any CPU
	EndGlobalSection
	GlobalSection(ProjectConfigurationPlatforms) = postSolution
		{1E371034-E6AE-4145-8160-0A7784A7A77F}.Debug|Any CPU.ActiveCfg = Debug|Any CPU
		{1E371034-E6AE-4145-8160-0A7784A7A77F}.Debug|Any CPU.Build.0 = Debug|Any CPU
		{1E371034-E6AE-4145-8160-0A7784A7A77F}.Release|Any CPU.ActiveCfg = Release|Any CPU
		{1E371034-E6AE-4145-8160-0A7784A7A77F}.Release|Any CPU.Build.0 = Release|Any CPU
	EndGlobalSection
	GlobalSection(SolutionProperties) = preSolution
		HideSolutionNode = FALSE
	EndGlobalSection
	GlobalSection(ExtensibilityGlobals) = postSolution
		SolutionGuid = {6C6C9EA0-EDDA-4B77-9DE3-D5BC142095A0}
	EndGlobalSection
EndGlobal
